
Microsoft Visual Studio Solution File, Format Version 12.00
# Visual Studio Version 16
VisualStudioVersion = 16.0.30804.86
MinimumVisualStudioVersion = 10.0.40219.1
Project("{FAE04EC0-301F-11D3-BF4B-00C04F79EFBC}") = "MovieWebAPI", "MovieWebAPI\MovieWebAPI.csproj", "{2BB7B90A-4812-4137-97AB-BD8504FC1138}"
EndProject
Global
	GlobalSection(SolutionConfigurationPlatforms) = preSolution
		Debug|Any CPU = Debug|Any CPU
		Release|Any CPU = Release|Any CPU
	EndGlobalSection
	GlobalSection(ProjectConfigurationPlatforms) = postSolution
		{2BB7B90A-4812-4137-97AB-BD8504FC1138}.Debug|Any CPU.ActiveCfg = Debug|Any CPU
		{2BB7B90A-4812-4137-97AB-BD8504FC1138}.Debug|Any CPU.Build.0 = Debug|Any CPU
		{2BB7B90A-4812-4137-97AB-BD8504FC1138}.Release|Any CPU.ActiveCfg = Release|Any CPU
		{2BB7B90A-4812-4137-97AB-BD8504FC1138}.Release|Any CPU.Build.0 = Release|Any CPU
	EndGlobalSection
	GlobalSection(SolutionProperties) = preSolution
		HideSolutionNode = FALSE
	EndGlobalSection
	GlobalSection(ExtensibilityGlobals) = postSolution
		SolutionGuid = {1C0422C1-69F9-47D5-88AD-731C8E1D79E1}
	EndGlobalSection
EndGlobal
